
Microsoft Visual Studio Solution File, Format Version 12.00
# Visual Studio 15
VisualStudioVersion = 15.0.27130.2026
MinimumVisualStudioVersion = 10.0.40219.1
Project("{FAE04EC0-301F-11D3-BF4B-00C04F79EFBC}") = "dmCompainion", "WindowsFormsApp1\dmCompainion.csproj", "{992D9F23-B501-41AD-9F69-136DD41EB4DE}"
EndProject
Project("{FAE04EC0-301F-11D3-BF4B-00C04F79EFBC}") = "dmCompainionTests", "dmCompainionTests\dmCompainionTests.csproj", "{25C4EAC5-11FC-45BE-B0F4-C655A3A26F19}"
EndProject
Global
	GlobalSection(SolutionConfigurationPlatforms) = preSolution
		Debug|Any CPU = Debug|Any CPU
		part2|Any CPU = part2|Any CPU
		Release|Any CPU = Release|Any CPU
	EndGlobalSection
	GlobalSection(ProjectConfigurationPlatforms) = postSolution
		{992D9F23-B501-41AD-9F69-136DD41EB4DE}.Debug|Any CPU.ActiveCfg = Debug|Any CPU
		{992D9F23-B501-41AD-9F69-136DD41EB4DE}.Debug|Any CPU.Build.0 = Debug|Any CPU
		{992D9F23-B501-41AD-9F69-136DD41EB4DE}.part2|Any CPU.ActiveCfg = part2|Any CPU
		{992D9F23-B501-41AD-9F69-136DD41EB4DE}.part2|Any CPU.Build.0 = part2|Any CPU
		{992D9F23-B501-41AD-9F69-136DD41EB4DE}.Release|Any CPU.ActiveCfg = Release|Any CPU
		{992D9F23-B501-41AD-9F69-136DD41EB4DE}.Release|Any CPU.Build.0 = Release|Any CPU
		{25C4EAC5-11FC-45BE-B0F4-C655A3A26F19}.Debug|Any CPU.ActiveCfg = Debug|Any CPU
		{25C4EAC5-11FC-45BE-B0F4-C655A3A26F19}.Debug|Any CPU.Build.0 = Debug|Any CPU
		{25C4EAC5-11FC-45BE-B0F4-C655A3A26F19}.part2|Any CPU.ActiveCfg = Release|Any CPU
		{25C4EAC5-11FC-45BE-B0F4-C655A3A26F19}.part2|Any CPU.Build.0 = Release|Any CPU
		{25C4EAC5-11FC-45BE-B0F4-C655A3A26F19}.Release|Any CPU.ActiveCfg = Release|Any CPU
		{25C4EAC5-11FC-45BE-B0F4-C655A3A26F19}.Release|Any CPU.Build.0 = Release|Any CPU
	EndGlobalSection
	GlobalSection(SolutionProperties) = preSolution
		HideSolutionNode = FALSE
	EndGlobalSection
	GlobalSection(ExtensibilityGlobals) = postSolution
		SolutionGuid = {49A467B2-08A9-4AE9-B970-4DBFBE16E774}
	EndGlobalSection
EndGlobal
